{
  "name": "cykani",
  "lockfileVersion": 3,
  "requires": true,
  "packages": {
    "": {
      "dependencies": {
        "cykani-stealth": "^1.1.0"
      }
    },
    "node_modules/cykani-stealth": {
      "version": "1.1.0",
      "resolved": "https://registry.npmjs.org/cykani-stealth/-/cykani-stealth-1.1.0.tgz",
      "integrity": "sha512-YlV9IfL5b7/N+FUso/yOBJ/nGQvZX783IAUJz3l+xD6o9K38zG47VPGvf4AsQg4MbxyZDxRbpQ1n9bcEHauEtw==",
      "license": "MIT",
      "dependencies": {
        "playwright-core": "^1.40.0"
      },
      "engines": {
        "node": ">=18.0.0"
      },
      "optionalDependencies": {
        "mmdb-lib": "^0.0.1"
      }
    },
    "node_modules/playwright-core": {
      "version": "1.61.1",
      "resolved": "https://registry.npmjs.org/playwright-core/-/playwright-core-1.61.1.tgz",
      "integrity": "sha512-h7Qlt6m4REp25qvIdvbDtVmD4LqVXfpRxhORv9L0jzETM05p4fuPJ3dKyuSXQxDSbXnmS79HAgi9589lGSpLkg==",
      "license": "Apache-2.0",
      "bin": {
        "playwright-core": "cli.js"
      },
      "engines": {
        "node": ">=18"
      }
    }
  }
}
